// !$*UTF8*$!
{
	archiveVersion = 1;
	classes = {
	};
	objectVersion = 55;
	objects = {

/* Begin PBXBuildFile section */
		514F4318290E9C1400057D59 /* AppDelegate.swift in Sources */ = {isa = PBXBuildFile; fileRef = 514F4317290E9C1400057D59 /* AppDelegate.swift */; };
		514F431A290E9C1400057D59 /* SceneDelegate.swift in Sources */ = {isa = PBXBuildFile; fileRef = 514F4319290E9C1400057D59 /* SceneDelegate.swift */; };
		514F431C290E9C1400057D59 /* ViewController.swift in Sources */ = {isa = PBXBuildFile; fileRef = 514F431B290E9C1400057D59 /* ViewController.swift */; };
		514F431F290E9C1400057D59 /* Main.storyboard in Resources */ = {isa = PBXBuildFile; fileRef = 514F431D290E9C1400057D59 /* Main.storyboard */; };
		514F4321290E9C1500057D59 /* Assets.xcassets in Resources */ = {isa = PBXBuildFile; fileRef = 514F4320290E9C1500057D59 /* Assets.xcassets */; };
		514F4324290E9C1500057D59 /* LaunchScreen.storyboard in Resources */ = {isa = PBXBuildFile; fileRef = 514F4322290E9C1500057D59 /* LaunchScreen.storyboard */; };
		514F432F290E9C1500057D59 /* IBTestTests.swift in Sources */ = {isa = PBXBuildFile; fileRef = 514F432E290E9C1500057D59 /* IBTestTests.swift */; };
		514F4339290E9C1500057D59 /* IBTestUITests.swift in Sources */ = {isa = PBXBuildFile; fileRef = 514F4338290E9C1500057D59 /* IBTestUITests.swift */; };
		514F433B290E9C1500057D59 /* IBTestUITestsLaunchTests.swift in Sources */ = {isa = PBXBuildFile; fileRef = 514F433A290E9C1500057D59 /* IBTestUITestsLaunchTests.swift */; };
/* End PBXBuildFile section */

/* Begin PBXContainerItemProxy section */
		514F432B290E9C1500057D59 /* PBXContainerItemProxy */ = {
			isa = PBXContainerItemProxy;
			containerPortal = 514F430C290E9C1400057D59 /* Project object */;
			proxyType = 1;
			remoteGlobalIDString = 514F4313290E9C1400057D59;
			remoteInfo = IBTest;
		};
		514F4335290E9C1500057D59 /* PBXContainerItemProxy */ = {
			isa = PBXContainerItemProxy;
			containerPortal = 514F430C290E9C1400057D59 /* Project object */;
			proxyType = 1;
			remoteGlobalIDString = 514F4313290E9C1400057D59;
			remoteInfo = IBTest;
		};
/* End PBXContainerItemProxy section */

/* Begin PBXFileReference section */
		514F4314290E9C1400057D59 /* IBTest.app */ = {isa = PBXFileReference; explicitFileType = wrapper.application; includeInIndex = 0; path = IBTest.app; sourceTree = BUILT_PRODUCTS_DIR; };
		514F4317290E9C1400057D59 /* AppDelegate.swift */ = {isa = PBXFileReference; lastKnownFileType = sourcecode.swift; path = AppDelegate.swift; sourceTree = "<group>"; };
		514F4319290E9C1400057D59 /* SceneDelegate.swift */ = {isa = PBXFileReference; lastKnownFileType = sourcecode.swift; path = SceneDelegate.swift; sourceTree = "<group>"; };
		514F431B290E9C1400057D59 /* ViewController.swift */ = {isa = PBXFileReference; lastKnownFileType = sourcecode.swift; path = ViewController.swift; sourceTree = "<group>"; };
		514F431E290E9C1400057D59 /* Base */ = {isa = PBXFileReference; lastKnownFileType = file.storyboard; name = Base; path = Base.lproj/Main.storyboard; sourceTree = "<group>"; };
		514F4320290E9C1500057D59 /* Assets.xcassets */ = {isa = PBXFileReference; lastKnownFileType = folder.assetcatalog; path = Assets.xcassets; sourceTree = "<group>"; };
		514F4323290E9C1500057D59 /* Base */ = {isa = PBXFileReference; lastKnownFileType = file.storyboard; name = Base; path = Base.lproj/LaunchScreen.storyboard; sourceTree = "<group>"; };
		514F4325290E9C1500057D59 /* Info.plist */ = {isa = PBXFileReference; lastKnownFileType = text.plist.xml; path = Info.plist; sourceTree = "<group>"; };
		514F432A290E9C1500057D59 /* IBTestTests.xctest */ = {isa = PBXFileReference; explicitFileType = wrapper.cfbundle; includeInIndex = 0; path = IBTestTests.xctest; sourceTree = BUILT_PRODUCTS_DIR; };
		514F432E290E9C1500057D59 /* IBTestTests.swift */ = {isa = PBXFileReference; lastKnownFileType = sourcecode.swift; path = IBTestTests.swift; sourceTree = "<group>"; };
		514F4334290E9C1500057D59 /* IBTestUITests.xctest */ = {isa = PBXFileReference; explicitFileType = wrapper.cfbundle; includeInIndex = 0; path = IBTestUITests.xctest; sourceTree = BUILT_PRODUCTS_DIR; };
		514F4338290E9C1500057D59 /* IBTestUITests.swift */ = {isa = PBXFileReference; lastKnownFileType = sourcecode.swift; path = IBTestUITests.swift; sourceTree = "<group>"; };
		514F433A290E9C1500057D59 /* IBTestUITestsLaunchTests.swift */ = {isa = PBXFileReference; lastKnownFileType = sourcecode.swift; path = IBTestUITestsLaunchTests.swift; sourceTree = "<group>"; };
/* End PBXFileReference section */

/* Begin PBXFrameworksBuildPhase section */
		514F4311290E9C1400057D59 /* Frameworks */ = {
			isa = PBXFrameworksBuildPhase;
			buildActionMask = 2147483647;
			files = (
			);
			runOnlyForDeploymentPostprocessing = 0;
		};
		514F4327290E9C1500057D59 /* Frameworks */ = {
			isa = PBXFrameworksBuildPhase;
			buildActionMask = 2147483647;
			files = (
			);
			runOnlyForDeploymentPostprocessing = 0;
		};
		514F4331290E9C1500057D59 /* Frameworks */ = {
			isa = PBXFrameworksBuildPhase;
			buildActionMask = 2147483647;
			files = (
			);
			runOnlyForDeploymentPostprocessing = 0;
		};
/* End PBXFrameworksBuildPhase section */

/* Begin PBXGroup section */
		514F430B290E9C1400057D59 = {
			isa = PBXGroup;
			children = (
				514F4316290E9C1400057D59 /* IBTest */,
				514F432D290E9C1500057D59 /* IBTestTests */,
				514F4337290E9C1500057D59 /* IBTestUITests */,
				514F4315290E9C1400057D59 /* Products */,
			);
			sourceTree = "<group>";
		};
		514F4315290E9C1400057D59 /* Products */ = {
			isa = PBXGroup;
			children = (
				514F4314290E9C1400057D59 /* IBTest.app */,
				514F432A290E9C1500057D59 /* IBTestTests.xctest */,
				514F4334290E9C1500057D59 /* IBTestUITests.xctest */,
			);
			name = Products;
			sourceTree = "<group>";
		};
		514F4316290E9C1400057D59 /* IBTest */ = {
			isa = PBXGroup;
			children = (
				514F4317290E9C1400057D59 /* AppDelegate.swift */,
				514F4319290E9C1400057D59 /* SceneDelegate.swift */,
				514F431B290E9C1400057D59 /* ViewController.swift */,
				514F431D290E9C1400057D59 /* Main.storyboard */,
				514F4320290E9C1500057D59 /* Assets.xcassets */,
				514F4322290E9C1500057D59 /* LaunchScreen.storyboard */,
				514F4325290E9C1500057D59 /* Info.plist */,
			);
			path = IBTest;
			sourceTree = "<group>";
		};
		514F432D290E9C1500057D59 /* IBTestTests */ = {
			isa = PBXGroup;
			children = (
				514F432E290E9C1500057D59 /* IBTestTests.swift */,
			);
			path = IBTestTests;
			sourceTree = "<group>";
		};
		514F4337290E9C1500057D59 /* IBTestUITests */ = {
			isa = PBXGroup;
			children = (
				514F4338290E9C1500057D59 /* IBTestUITests.swift */,
				514F433A290E9C1500057D59 /* IBTestUITestsLaunchTests.swift */,
			);
			path = IBTestUITests;
			sourceTree = "<group>";
		};
/* End PBXGroup section */

/* Begin PBXNativeTarget section */
		514F4313290E9C1400057D59 /* IBTest */ = {
			isa = PBXNativeTarget;
			buildConfigurationList = 514F433E290E9C1500057D59 /* Build configuration list for PBXNativeTarget "IBTest" */;
			buildPhases = (
				514F4310290E9C1400057D59 /* Sources */,
				514F4311290E9C1400057D59 /* Frameworks */,
				514F4312290E9C1400057D59 /* Resources */,
			);
			buildRules = (
			);
			dependencies = (
			);
			name = IBTest;
			productName = IBTest;
			productReference = 514F4314290E9C1400057D59 /* IBTest.app */;
			productType = "com.apple.product-type.application";
		};
		514F4329290E9C1500057D59 /* IBTestTests */ = {
			isa = PBXNativeTarget;
			buildConfigurationList = 514F4341290E9C1500057D59 /* Build configuration list for PBXNativeTarget "IBTestTests" */;
			buildPhases = (
				514F4326290E9C1500057D59 /* Sources */,
				514F4327290E9C1500057D59 /* Frameworks */,
				514F4328290E9C1500057D59 /* Resources */,
			);
			buildRules = (
			);
			dependencies = (
				514F432C290E9C1500057D59 /* PBXTargetDependency */,
			);
			name = IBTestTests;
			productName = IBTestTests;
			productReference = 514F432A290E9C1500057D59 /* IBTestTests.xctest */;
			productType = "com.apple.product-type.bundle.unit-test";
		};
		514F4333290E9C1500057D59 /* IBTestUITests */ = {
			isa = PBXNativeTarget;
			buildConfigurationList = 514F4344290E9C1500057D59 /* Build configuration list for PBXNativeTarget "IBTestUITests" */;
			buildPhases = (
				514F4330290E9C1500057D59 /* Sources */,
				514F4331290E9C1500057D59 /* Frameworks */,
				514F4332290E9C1500057D59 /* Resources */,
			);
			buildRules = (
			);
			dependencies = (
				514F4336290E9C1500057D59 /* PBXTargetDependency */,
			);
			name = IBTestUITests;
			productName = IBTestUITests;
			productReference = 514F4334290E9C1500057D59 /* IBTestUITests.xctest */;
			productType = "com.apple.product-type.bundle.ui-testing";
		};
/* End PBXNativeTarget section */

/* Begin PBXProject section */
		514F430C290E9C1400057D59 /* Project object */ = {
			isa = PBXProject;
			attributes = {
				BuildIndependentTargetsInParallel = 1;
				LastSwiftUpdateCheck = 1340;
				LastUpgradeCheck = 1340;
				TargetAttributes = {
					514F4313290E9C1400057D59 = {
						CreatedOnToolsVersion = 13.4.1;
					};
					514F4329290E9C1500057D59 = {
						CreatedOnToolsVersion = 13.4.1;
						TestTargetID = 514F4313290E9C1400057D59;
					};
					514F4333290E9C1500057D59 = {
						CreatedOnToolsVersion = 13.4.1;
						TestTargetID = 514F4313290E9C1400057D59;
					};
				};
			};
			buildConfigurationList = 514F430F290E9C1400057D59 /* Build configuration list for PBXProject "IBTest" */;
			compatibilityVersion = "Xcode 13.0";
			developmentRegion = en;
			hasScannedForEncodings = 0;
			knownRegions = (
				en,
				Base,
			);
			mainGroup = 514F430B290E9C1400057D59;
			productRefGroup = 514F4315290E9C1400057D59 /* Products */;
			projectDirPath = "";
			projectRoot = "";
			targets = (
				514F4313290E9C1400057D59 /* IBTest */,
				514F4329290E9C1500057D59 /* IBTestTests */,
				514F4333290E9C1500057D59 /* IBTestUITests */,
			);
		};
/* End PBXProject section */

/* Begin PBXResourcesBuildPhase section */
		514F4312290E9C1400057D59 /* Resources */ = {
			isa = PBXResourcesBuildPhase;
			buildActionMask = 2147483647;
			files = (
				514F4324290E9C1500057D59 /* LaunchScreen.storyboard in Resources */,
				514F4321290E9C1500057D59 /* Assets.xcassets in Resources */,
				514F431F290E9C1400057D59 /* Main.storyboard in Resources */,
			);
			runOnlyForDeploymentPostprocessing = 0;
		};
		514F4328290E9C1500057D59 /* Resources */ = {
			isa = PBXResourcesBuildPhase;
			buildActionMask = 2147483647;
			files = (
			);
			runOnlyForDeploymentPostprocessing = 0;
		};
		514F4332290E9C1500057D59 /* Resources */ = {
			isa = PBXResourcesBuildPhase;
			buildActionMask = 2147483647;
			files = (
			);
			runOnlyForDeploymentPostprocessing = 0;
		};
/* End PBXResourcesBuildPhase section */

/* Begin PBXSourcesBuildPhase section */
		514F4310290E9C1400057D59 /* Sources */ = {
			isa = PBXSourcesBuildPhase;
			buildActionMask = 2147483647;
			files = (
				514F431C290E9C1400057D59 /* ViewController.swift in Sources */,
				514F4318290E9C1400057D59 /* AppDelegate.swift in Sources */,
				514F431A290E9C1400057D59 /* SceneDelegate.swift in Sources */,
			);
			runOnlyForDeploymentPostprocessing = 0;
		};
		514F4326290E9C1500057D59 /* Sources */ = {
			isa = PBXSourcesBuildPhase;
			buildActionMask = 2147483647;
			files = (
				514F432F290E9C1500057D59 /* IBTestTests.swift in Sources */,
			);
			runOnlyForDeploymentPostprocessing = 0;
		};
		514F4330290E9C1500057D59 /* Sources */ = {
			isa = PBXSourcesBuildPhase;
			buildActionMask = 2147483647;
			files = (
				514F4339290E9C1500057D59 /* IBTestUITests.swift in Sources */,
				514F433B290E9C1500057D59 /* IBTestUITestsLaunchTests.swift in Sources */,
			);
			runOnlyForDeploymentPostprocessing = 0;
		};
/* End PBXSourcesBuildPhase section */

/* Begin PBXTargetDependency section */
		514F432C290E9C1500057D59 /* PBXTargetDependency */ = {
			isa = PBXTargetDependency;
			target = 514F4313290E9C1400057D59 /* IBTest */;
			targetProxy = 514F432B290E9C1500057D59 /* PBXContainerItemProxy */;
		};
		514F4336290E9C1500057D59 /* PBXTargetDependency */ = {
			isa = PBXTargetDependency;
			target = 514F4313290E9C1400057D59 /* IBTest */;
			targetProxy = 514F4335290E9C1500057D59 /* PBXContainerItemProxy */;
		};
/* End PBXTargetDependency section */

/* Begin PBXVariantGroup section */
		514F431D290E9C1400057D59 /* Main.storyboard */ = {
			isa = PBXVariantGroup;
			children = (
				514F431E290E9C1400057D59 /* Base */,
			);
			name = Main.storyboard;
			sourceTree = "<group>";
		};
		514F4322290E9C1500057D59 /* LaunchScreen.storyboard */ = {
			isa = PBXVariantGroup;
			children = (
				514F4323290E9C1500057D59 /* Base */,
			);
			name = LaunchScreen.storyboard;
			sourceTree = "<group>";
		};
/* End PBXVariantGroup section */

/* Begin XCBuildConfiguration section */
		514F433C290E9C1500057D59 /* Debug */ = {
			isa = XCBuildConfiguration;
			buildSettings = {
				ALWAYS_SEARCH_USER_PATHS = NO;
				CLANG_ANALYZER_NONNULL = YES;
				CLANG_ANALYZER_NUMBER_OBJECT_CONVERSION = YES_AGGRESSIVE;
				CLANG_CXX_LANGUAGE_STANDARD = "gnu++17";
				CLANG_ENABLE_MODULES = YES;
				CLANG_ENABLE_OBJC_ARC = YES;
				CLANG_ENABLE_OBJC_WEAK = YES;
				CLANG_WARN_BLOCK_CAPTURE_AUTORELEASING = YES;
				CLANG_WARN_BOOL_CONVERSION = YES;
				CLANG_WARN_COMMA = YES;
				CLANG_WARN_CONSTANT_CONVERSION = YES;
				CLANG_WARN_DEPRECATED_OBJC_IMPLEMENTATIONS = YES;
				CLANG_WARN_DIRECT_OBJC_ISA_USAGE = YES_ERROR;
				CLANG_WARN_DOCUMENTATION_COMMENTS = YES;
				CLANG_WARN_EMPTY_BODY = YES;
				CLANG_WARN_ENUM_CONVERSION = YES;
				CLANG_WARN_INFINITE_RECURSION = YES;
				CLANG_WARN_INT_CONVERSION = YES;
				CLANG_WARN_NON_LITERAL_NULL_CONVERSION = YES;
				CLANG_WARN_OBJC_IMPLICIT_RETAIN_SELF = YES;
				CLANG_WARN_OBJC_LITERAL_CONVERSION = YES;
				CLANG_WARN_OBJC_ROOT_CLASS = YES_ERROR;
				CLANG_WARN_QUOTED_INCLUDE_IN_FRAMEWORK_HEADER = YES;
				CLANG_WARN_RANGE_LOOP_ANALYSIS = YES;
				CLANG_WARN_STRICT_PROTOTYPES = YES;
				CLANG_WARN_SUSPICIOUS_MOVE = YES;
				CLANG_WARN_UNGUARDED_AVAILABILITY = YES_AGGRESSIVE;
				CLANG_WARN_UNREACHABLE_CODE = YES;
				CLANG_WARN__DUPLICATE_METHOD_MATCH = YES;
				COPY_PHASE_STRIP = NO;
				DEBUG_INFORMATION_FORMAT = dwarf;
				ENABLE_STRICT_OBJC_MSGSEND = YES;
				ENABLE_TESTABILITY = YES;
				GCC_C_LANGUAGE_STANDARD = gnu11;
				GCC_DYNAMIC_NO_PIC = NO;
				GCC_NO_COMMON_BLOCKS = YES;
				GCC_OPTIMIZATION_LEVEL = 0;
				GCC_PREPROCESSOR_DEFINITIONS = (
					"DEBUG=1",
					"$(inherited)",
				);
				GCC_WARN_64_TO_32_BIT_CONVERSION = YES;
				GCC_WARN_ABOUT_RETURN_TYPE = YES_ERROR;
				GCC_WARN_UNDECLARED_SELECTOR = YES;
				GCC_WARN_UNINITIALIZED_AUTOS = YES_AGGRESSIVE;
				GCC_WARN_UNUSED_FUNCTION = YES;
				GCC_WARN_UNUSED_VARIABLE = YES;
				IPHONEOS_DEPLOYMENT_TARGET = 15.5;
				MTL_ENABLE_DEBUG_INFO = INCLUDE_SOURCE;
				MTL_FAST_MATH = YES;
				ONLY_ACTIVE_ARCH = YES;
				SDKROOT = iphoneos;
				SWIFT_ACTIVE_COMPILATION_CONDITIONS = DEBUG;
				SWIFT_OPTIMIZATION_LEVEL = "-Onone";
			};
			name = Debug;
		};
		514F433D290E9C1500057D59 /* Release */ = {
			isa = XCBuildConfiguration;
			buildSettings = {
				ALWAYS_SEARCH_USER_PATHS = NO;
				CLANG_ANALYZER_NONNULL = YES;
				CLANG_ANALYZER_NUMBER_OBJECT_CONVERSION = YES_AGGRESSIVE;
				CLANG_CXX_LANGUAGE_STANDARD = "gnu++17";
				CLANG_ENABLE_MODULES = YES;
				CLANG_ENABLE_OBJC_ARC = YES;
				CLANG_ENABLE_OBJC_WEAK = YES;
				CLANG_WARN_BLOCK_CAPTURE_AUTORELEASING = YES;
				CLANG_WARN_BOOL_CONVERSION = YES;
				CLANG_WARN_COMMA = YES;
				CLANG_WARN_CONSTANT_CONVERSION = YES;
				CLANG_WARN_DEPRECATED_OBJC_IMPLEMENTATIONS = YES;
				CLANG_WARN_DIRECT_OBJC_ISA_USAGE = YES_ERROR;
				CLANG_WARN_DOCUMENTATION_COMMENTS = YES;
				CLANG_WARN_EMPTY_BODY = YES;
				CLANG_WARN_ENUM_CONVERSION = YES;
				CLANG_WARN_INFINITE_RECURSION = YES;
				CLANG_WARN_INT_CONVERSION = YES;
				CLANG_WARN_NON_LITERAL_NULL_CONVERSION = YES;
				CLANG_WARN_OBJC_IMPLICIT_RETAIN_SELF = YES;
				CLANG_WARN_OBJC_LITERAL_CONVERSION = YES;
				CLANG_WARN_OBJC_ROOT_CLASS = YES_ERROR;
				CLANG_WARN_QUOTED_INCLUDE_IN_FRAMEWORK_HEADER = YES;
				CLANG_WARN_RANGE_LOOP_ANALYSIS = YES;
				CLANG_WARN_STRICT_PROTOTYPES = YES;
				CLANG_WARN_SUSPICIOUS_MOVE = YES;
				CLANG_WARN_UNGUARDED_AVAILABILITY = YES_AGGRESSIVE;
				CLANG_WARN_UNREACHABLE_CODE = YES;
				CLANG_WARN__DUPLICATE_METHOD_MATCH = YES;
				COPY_PHASE_STRIP = NO;
				DEBUG_INFORMATION_FORMAT = "dwarf-with-dsym";
				ENABLE_NS_ASSERTIONS = NO;
				ENABLE_STRICT_OBJC_MSGSEND = YES;
				GCC_C_LANGUAGE_STANDARD = gnu11;
				GCC_NO_COMMON_BLOCKS = YES;
				GCC_WARN_64_TO_32_BIT_CONVERSION = YES;
				GCC_WARN_ABOUT_RETURN_TYPE = YES_ERROR;
				GCC_WARN_UNDECLARED_SELECTOR = YES;
				GCC_WARN_UNINITIALIZED_AUTOS = YES_AGGRESSIVE;
				GCC_WARN_UNUSED_FUNCTION = YES;
				GCC_WARN_UNUSED_VARIABLE = YES;
				IPHONEOS_DEPLOYMENT_TARGET = 15.5;
				MTL_ENABLE_DEBUG_INFO = NO;
				MTL_FAST_MATH = YES;
				SDKROOT = iphoneos;
				SWIFT_COMPILATION_MODE = wholemodule;
				SWIFT_OPTIMIZATION_LEVEL = "-O";
				VALIDATE_PRODUCT = YES;
			};
			name = Release;
		};
		514F433F290E9C1500057D59 /* Debug */ = {
			isa = XCBuildConfiguration;
			buildSettings = {
				ASSETCATALOG_COMPILER_APPICON_NAME = AppIcon;
				ASSETCATALOG_COMPILER_GLOBAL_ACCENT_COLOR_NAME = AccentColor;
				CODE_SIGN_STYLE = Automatic;
				CURRENT_PROJECT_VERSION = 1;
				GENERATE_INFOPLIST_FILE = YES;
				INFOPLIST_FILE = IBTest/Info.plist;
				INFOPLIST_KEY_UIApplicationSupportsIndirectInputEvents = YES;
				INFOPLIST_KEY_UILaunchStoryboardName = LaunchScreen;
				INFOPLIST_KEY_UIMainStoryboardFile = Main;
				INFOPLIST_KEY_UISupportedInterfaceOrientations_iPad = "UIInterfaceOrientationPortrait UIInterfaceOrientationPortraitUpsideDown UIInterfaceOrientationLandscapeLeft UIInterfaceOrientationLandscapeRight";
				INFOPLIST_KEY_UISupportedInterfaceOrientations_iPhone = "UIInterfaceOrientationPortrait UIInterfaceOrientationLandscapeLeft UIInterfaceOrientationLandscapeRight";
				LD_RUNPATH_SEARCH_PATHS = (
					"$(inherited)",
					"@executable_path/Frameworks",
				);
				MARKETING_VERSION = 1.0;
				PRODUCT_BUNDLE_IDENTIFIER = com.mycompany.IBTest;
				PRODUCT_NAME = "$(TARGET_NAME)";
				SWIFT_EMIT_LOC_STRINGS = YES;
				SWIFT_VERSION = 5.0;
				TARGETED_DEVICE_FAMILY = "1,2";
			};
			name = Debug;
		};
		514F4340290E9C1500057D59 /* Release */ = {
			isa = XCBuildConfiguration;
			buildSettings = {
				ASSETCATALOG_COMPILER_APPICON_NAME = AppIcon;
				ASSETCATALOG_COMPILER_GLOBAL_ACCENT_COLOR_NAME = AccentColor;
				CODE_SIGN_STYLE = Automatic;
				CURRENT_PROJECT_VERSION = 1;
				GENERATE_INFOPLIST_FILE = YES;
				INFOPLIST_FILE = IBTest/Info.plist;
				INFOPLIST_KEY_UIApplicationSupportsIndirectInputEvents = YES;
				INFOPLIST_KEY_UILaunchStoryboardName = LaunchScreen;
				INFOPLIST_KEY_UIMainStoryboardFile = Main;
				INFOPLIST_KEY_UISupportedInterfaceOrientations_iPad = "UIInterfaceOrientationPortrait UIInterfaceOrientationPortraitUpsideDown UIInterfaceOrientationLandscapeLeft UIInterfaceOrientationLandscapeRight";
				INFOPLIST_KEY_UISupportedInterfaceOrientations_iPhone = "UIInterfaceOrientationPortrait UIInterfaceOrientationLandscapeLeft UIInterfaceOrientationLandscapeRight";
				LD_RUNPATH_SEARCH_PATHS = (
					"$(inherited)",
					"@executable_path/Frameworks",
				);
				MARKETING_VERSION = 1.0;
				PRODUCT_BUNDLE_IDENTIFIER = com.mycompany.IBTest;
				PRODUCT_NAME = "$(TARGET_NAME)";
				SWIFT_EMIT_LOC_STRINGS = YES;
				SWIFT_VERSION = 5.0;
				TARGETED_DEVICE_FAMILY = "1,2";
			};
			name = Release;
		};
		514F4342290E9C1500057D59 /* Debug */ = {
			isa = XCBuildConfiguration;
			buildSettings = {
				ALWAYS_EMBED_SWIFT_STANDARD_LIBRARIES = YES;
				BUNDLE_LOADER = "$(TEST_HOST)";
				CODE_SIGN_STYLE = Automatic;
				CURRENT_PROJECT_VERSION = 1;
				GENERATE_INFOPLIST_FILE = YES;
				IPHONEOS_DEPLOYMENT_TARGET = 15.5;
				MARKETING_VERSION = 1.0;
				PRODUCT_BUNDLE_IDENTIFIER = com.mycompany.IBTestTests;
				PRODUCT_NAME = "$(TARGET_NAME)";
				SWIFT_EMIT_LOC_STRINGS = NO;
				SWIFT_VERSION = 5.0;
				TARGETED_DEVICE_FAMILY = "1,2";
				TEST_HOST = "$(BUILT_PRODUCTS_DIR)/IBTest.app/IBTest";
			};
			name = Debug;
		};
		514F4343290E9C1500057D59 /* Release */ = {
			isa = XCBuildConfiguration;
			buildSettings = {
				ALWAYS_EMBED_SWIFT_STANDARD_LIBRARIES = YES;
				BUNDLE_LOADER = "$(TEST_HOST)";
				CODE_SIGN_STYLE = Automatic;
				CURRENT_PROJECT_VERSION = 1;
				GENERATE_INFOPLIST_FILE = YES;
				IPHONEOS_DEPLOYMENT_TARGET = 15.5;
				MARKETING_VERSION = 1.0;
				PRODUCT_BUNDLE_IDENTIFIER = com.mycompany.IBTestTests;
				PRODUCT_NAME = "$(TARGET_NAME)";
				SWIFT_EMIT_LOC_STRINGS = NO;
				SWIFT_VERSION = 5.0;
				TARGETED_DEVICE_FAMILY = "1,2";
				TEST_HOST = "$(BUILT_PRODUCTS_DIR)/IBTest.app/IBTest";
			};
			name = Release;
		};
		514F4345290E9C1500057D59 /* Debug */ = {
			isa = XCBuildConfiguration;
			buildSettings = {
				ALWAYS_EMBED_SWIFT_STANDARD_LIBRARIES = YES;
				CODE_SIGN_STYLE = Automatic;
				CURRENT_PROJECT_VERSION = 1;
				GENERATE_INFOPLIST_FILE = YES;
				MARKETING_VERSION = 1.0;
				PRODUCT_BUNDLE_IDENTIFIER = com.mycompany.IBTestUITests;
				PRODUCT_NAME = "$(TARGET_NAME)";
				SWIFT_EMIT_LOC_STRINGS = NO;
				SWIFT_VERSION = 5.0;
				TARGETED_DEVICE_FAMILY = "1,2";
				TEST_TARGET_NAME = IBTest;
			};
			name = Debug;
		};
		514F4346290E9C1500057D59 /* Release */ = {
			isa = XCBuildConfiguration;
			buildSettings = {
				ALWAYS_EMBED_SWIFT_STANDARD_LIBRARIES = YES;
				CODE_SIGN_STYLE = Automatic;
				CURRENT_PROJECT_VERSION = 1;
				GENERATE_INFOPLIST_FILE = YES;
				MARKETING_VERSION = 1.0;
				PRODUCT_BUNDLE_IDENTIFIER = com.mycompany.IBTestUITests;
				PRODUCT_NAME = "$(TARGET_NAME)";
				SWIFT_EMIT_LOC_STRINGS = NO;
				SWIFT_VERSION = 5.0;
				TARGETED_DEVICE_FAMILY = "1,2";
				TEST_TARGET_NAME = IBTest;
			};
			name = Release;
		};
/* End XCBuildConfiguration section */

/* Begin XCConfigurationList section */
		514F430F290E9C1400057D59 /* Build configuration list for PBXProject "IBTest" */ = {
			isa = XCConfigurationList;
			buildConfigurations = (
				514F433C290E9C1500057D59 /* Debug */,
				514F433D290E9C1500057D59 /* Release */,
			);
			defaultConfigurationIsVisible = 0;
			defaultConfigurationName = Release;
		};
		514F433E290E9C1500057D59 /* Build configuration list for PBXNativeTarget "IBTest" */ = {
			isa = XCConfigurationList;
			buildConfigurations = (
				514F433F290E9C1500057D59 /* Debug */,
				514F4340290E9C1500057D59 /* Release */,
			);
			defaultConfigurationIsVisible = 0;
			defaultConfigurationName = Release;
		};
		514F4341290E9C1500057D59 /* Build configuration list for PBXNativeTarget "IBTestTests" */ = {
			isa = XCConfigurationList;
			buildConfigurations = (
				514F4342290E9C1500057D59 /* Debug */,
				514F4343290E9C1500057D59 /* Release */,
			);
			defaultConfigurationIsVisible = 0;
			defaultConfigurationName = Release;
		};
		514F4344290E9C1500057D59 /* Build configuration list for PBXNativeTarget "IBTestUITests" */ = {
			isa = XCConfigurationList;
			buildConfigurations = (
				514F4345290E9C1500057D59 /* Debug */,
				514F4346290E9C1500057D59 /* Release */,
			);
			defaultConfigurationIsVisible = 0;
			defaultConfigurationName = Release;
		};
/* End XCConfigurationList section */
	};
	rootObject = 514F430C290E9C1400057D59 /* Project object */;
}
