// !$*UTF8*$!
{
	archiveVersion = 1;
	classes = {
	};
	objectVersion = 55;
	objects = {

/* Begin PBXBuildFile section */
		514F43D02912521E00057D59 /* AppDelegate.swift in Sources */ = {isa = PBXBuildFile; fileRef = 514F43CF2912521E00057D59 /* AppDelegate.swift */; };
		514F43D22912521E00057D59 /* SceneDelegate.swift in Sources */ = {isa = PBXBuildFile; fileRef = 514F43D12912521E00057D59 /* SceneDelegate.swift */; };
		514F43D42912521E00057D59 /* ViewController.swift in Sources */ = {isa = PBXBuildFile; fileRef = 514F43D32912521E00057D59 /* ViewController.swift */; };
		514F43D72912521E00057D59 /* Main.storyboard in Resources */ = {isa = PBXBuildFile; fileRef = 514F43D52912521E00057D59 /* Main.storyboard */; };
		514F43D92912521E00057D59 /* Assets.xcassets in Resources */ = {isa = PBXBuildFile; fileRef = 514F43D82912521E00057D59 /* Assets.xcassets */; };
		514F43DC2912521E00057D59 /* LaunchScreen.storyboard in Resources */ = {isa = PBXBuildFile; fileRef = 514F43DA2912521E00057D59 /* LaunchScreen.storyboard */; };
		514F43E72912521F00057D59 /* Scene_ActionSegueTests.swift in Sources */ = {isa = PBXBuildFile; fileRef = 514F43E62912521F00057D59 /* Scene_ActionSegueTests.swift */; };
		514F43F12912521F00057D59 /* Scene_ActionSegueUITests.swift in Sources */ = {isa = PBXBuildFile; fileRef = 514F43F02912521F00057D59 /* Scene_ActionSegueUITests.swift */; };
		514F43F32912521F00057D59 /* Scene_ActionSegueUITestsLaunchTests.swift in Sources */ = {isa = PBXBuildFile; fileRef = 514F43F22912521F00057D59 /* Scene_ActionSegueUITestsLaunchTests.swift */; };
/* End PBXBuildFile section */

/* Begin PBXContainerItemProxy section */
		514F43E32912521F00057D59 /* PBXContainerItemProxy */ = {
			isa = PBXContainerItemProxy;
			containerPortal = 514F43C42912521E00057D59 /* Project object */;
			proxyType = 1;
			remoteGlobalIDString = 514F43CB2912521E00057D59;
			remoteInfo = "Scene-ActionSegue";
		};
		514F43ED2912521F00057D59 /* PBXContainerItemProxy */ = {
			isa = PBXContainerItemProxy;
			containerPortal = 514F43C42912521E00057D59 /* Project object */;
			proxyType = 1;
			remoteGlobalIDString = 514F43CB2912521E00057D59;
			remoteInfo = "Scene-ActionSegue";
		};
/* End PBXContainerItemProxy section */

/* Begin PBXFileReference section */
		514F43CC2912521E00057D59 /* Scene-ActionSegue.app */ = {isa = PBXFileReference; explicitFileType = wrapper.application; includeInIndex = 0; path = "Scene-ActionSegue.app"; sourceTree = BUILT_PRODUCTS_DIR; };
		514F43CF2912521E00057D59 /* AppDelegate.swift */ = {isa = PBXFileReference; lastKnownFileType = sourcecode.swift; path = AppDelegate.swift; sourceTree = "<group>"; };
		514F43D12912521E00057D59 /* SceneDelegate.swift */ = {isa = PBXFileReference; lastKnownFileType = sourcecode.swift; path = SceneDelegate.swift; sourceTree = "<group>"; };
		514F43D32912521E00057D59 /* ViewController.swift */ = {isa = PBXFileReference; lastKnownFileType = sourcecode.swift; path = ViewController.swift; sourceTree = "<group>"; };
		514F43D62912521E00057D59 /* Base */ = {isa = PBXFileReference; lastKnownFileType = file.storyboard; name = Base; path = Base.lproj/Main.storyboard; sourceTree = "<group>"; };
		514F43D82912521E00057D59 /* Assets.xcassets */ = {isa = PBXFileReference; lastKnownFileType = folder.assetcatalog; path = Assets.xcassets; sourceTree = "<group>"; };
		514F43DB2912521E00057D59 /* Base */ = {isa = PBXFileReference; lastKnownFileType = file.storyboard; name = Base; path = Base.lproj/LaunchScreen.storyboard; sourceTree = "<group>"; };
		514F43DD2912521E00057D59 /* Info.plist */ = {isa = PBXFileReference; lastKnownFileType = text.plist.xml; path = Info.plist; sourceTree = "<group>"; };
		514F43E22912521F00057D59 /* Scene-ActionSegueTests.xctest */ = {isa = PBXFileReference; explicitFileType = wrapper.cfbundle; includeInIndex = 0; path = "Scene-ActionSegueTests.xctest"; sourceTree = BUILT_PRODUCTS_DIR; };
		514F43E62912521F00057D59 /* Scene_ActionSegueTests.swift */ = {isa = PBXFileReference; lastKnownFileType = sourcecode.swift; path = Scene_ActionSegueTests.swift; sourceTree = "<group>"; };
		514F43EC2912521F00057D59 /* Scene-ActionSegueUITests.xctest */ = {isa = PBXFileReference; explicitFileType = wrapper.cfbundle; includeInIndex = 0; path = "Scene-ActionSegueUITests.xctest"; sourceTree = BUILT_PRODUCTS_DIR; };
		514F43F02912521F00057D59 /* Scene_ActionSegueUITests.swift */ = {isa = PBXFileReference; lastKnownFileType = sourcecode.swift; path = Scene_ActionSegueUITests.swift; sourceTree = "<group>"; };
		514F43F22912521F00057D59 /* Scene_ActionSegueUITestsLaunchTests.swift */ = {isa = PBXFileReference; lastKnownFileType = sourcecode.swift; path = Scene_ActionSegueUITestsLaunchTests.swift; sourceTree = "<group>"; };
/* End PBXFileReference section */

/* Begin PBXFrameworksBuildPhase section */
		514F43C92912521E00057D59 /* Frameworks */ = {
			isa = PBXFrameworksBuildPhase;
			buildActionMask = 2147483647;
			files = (
			);
			runOnlyForDeploymentPostprocessing = 0;
		};
		514F43DF2912521F00057D59 /* Frameworks */ = {
			isa = PBXFrameworksBuildPhase;
			buildActionMask = 2147483647;
			files = (
			);
			runOnlyForDeploymentPostprocessing = 0;
		};
		514F43E92912521F00057D59 /* Frameworks */ = {
			isa = PBXFrameworksBuildPhase;
			buildActionMask = 2147483647;
			files = (
			);
			runOnlyForDeploymentPostprocessing = 0;
		};
/* End PBXFrameworksBuildPhase section */

/* Begin PBXGroup section */
		514F43C32912521E00057D59 = {
			isa = PBXGroup;
			children = (
				514F43CE2912521E00057D59 /* Scene-ActionSegue */,
				514F43E52912521F00057D59 /* Scene-ActionSegueTests */,
				514F43EF2912521F00057D59 /* Scene-ActionSegueUITests */,
				514F43CD2912521E00057D59 /* Products */,
			);
			sourceTree = "<group>";
		};
		514F43CD2912521E00057D59 /* Products */ = {
			isa = PBXGroup;
			children = (
				514F43CC2912521E00057D59 /* Scene-ActionSegue.app */,
				514F43E22912521F00057D59 /* Scene-ActionSegueTests.xctest */,
				514F43EC2912521F00057D59 /* Scene-ActionSegueUITests.xctest */,
			);
			name = Products;
			sourceTree = "<group>";
		};
		514F43CE2912521E00057D59 /* Scene-ActionSegue */ = {
			isa = PBXGroup;
			children = (
				514F43CF2912521E00057D59 /* AppDelegate.swift */,
				514F43D12912521E00057D59 /* SceneDelegate.swift */,
				514F43D32912521E00057D59 /* ViewController.swift */,
				514F43D52912521E00057D59 /* Main.storyboard */,
				514F43D82912521E00057D59 /* Assets.xcassets */,
				514F43DA2912521E00057D59 /* LaunchScreen.storyboard */,
				514F43DD2912521E00057D59 /* Info.plist */,
			);
			path = "Scene-ActionSegue";
			sourceTree = "<group>";
		};
		514F43E52912521F00057D59 /* Scene-ActionSegueTests */ = {
			isa = PBXGroup;
			children = (
				514F43E62912521F00057D59 /* Scene_ActionSegueTests.swift */,
			);
			path = "Scene-ActionSegueTests";
			sourceTree = "<group>";
		};
		514F43EF2912521F00057D59 /* Scene-ActionSegueUITests */ = {
			isa = PBXGroup;
			children = (
				514F43F02912521F00057D59 /* Scene_ActionSegueUITests.swift */,
				514F43F22912521F00057D59 /* Scene_ActionSegueUITestsLaunchTests.swift */,
			);
			path = "Scene-ActionSegueUITests";
			sourceTree = "<group>";
		};
/* End PBXGroup section */

/* Begin PBXNativeTarget section */
		514F43CB2912521E00057D59 /* Scene-ActionSegue */ = {
			isa = PBXNativeTarget;
			buildConfigurationList = 514F43F62912521F00057D59 /* Build configuration list for PBXNativeTarget "Scene-ActionSegue" */;
			buildPhases = (
				514F43C82912521E00057D59 /* Sources */,
				514F43C92912521E00057D59 /* Frameworks */,
				514F43CA2912521E00057D59 /* Resources */,
			);
			buildRules = (
			);
			dependencies = (
			);
			name = "Scene-ActionSegue";
			productName = "Scene-ActionSegue";
			productReference = 514F43CC2912521E00057D59 /* Scene-ActionSegue.app */;
			productType = "com.apple.product-type.application";
		};
		514F43E12912521F00057D59 /* Scene-ActionSegueTests */ = {
			isa = PBXNativeTarget;
			buildConfigurationList = 514F43F92912521F00057D59 /* Build configuration list for PBXNativeTarget "Scene-ActionSegueTests" */;
			buildPhases = (
				514F43DE2912521F00057D59 /* Sources */,
				514F43DF2912521F00057D59 /* Frameworks */,
				514F43E02912521F00057D59 /* Resources */,
			);
			buildRules = (
			);
			dependencies = (
				514F43E42912521F00057D59 /* PBXTargetDependency */,
			);
			name = "Scene-ActionSegueTests";
			productName = "Scene-ActionSegueTests";
			productReference = 514F43E22912521F00057D59 /* Scene-ActionSegueTests.xctest */;
			productType = "com.apple.product-type.bundle.unit-test";
		};
		514F43EB2912521F00057D59 /* Scene-ActionSegueUITests */ = {
			isa = PBXNativeTarget;
			buildConfigurationList = 514F43FC2912521F00057D59 /* Build configuration list for PBXNativeTarget "Scene-ActionSegueUITests" */;
			buildPhases = (
				514F43E82912521F00057D59 /* Sources */,
				514F43E92912521F00057D59 /* Frameworks */,
				514F43EA2912521F00057D59 /* Resources */,
			);
			buildRules = (
			);
			dependencies = (
				514F43EE2912521F00057D59 /* PBXTargetDependency */,
			);
			name = "Scene-ActionSegueUITests";
			productName = "Scene-ActionSegueUITests";
			productReference = 514F43EC2912521F00057D59 /* Scene-ActionSegueUITests.xctest */;
			productType = "com.apple.product-type.bundle.ui-testing";
		};
/* End PBXNativeTarget section */

/* Begin PBXProject section */
		514F43C42912521E00057D59 /* Project object */ = {
			isa = PBXProject;
			attributes = {
				BuildIndependentTargetsInParallel = 1;
				LastSwiftUpdateCheck = 1340;
				LastUpgradeCheck = 1340;
				TargetAttributes = {
					514F43CB2912521E00057D59 = {
						CreatedOnToolsVersion = 13.4.1;
					};
					514F43E12912521F00057D59 = {
						CreatedOnToolsVersion = 13.4.1;
						TestTargetID = 514F43CB2912521E00057D59;
					};
					514F43EB2912521F00057D59 = {
						CreatedOnToolsVersion = 13.4.1;
						TestTargetID = 514F43CB2912521E00057D59;
					};
				};
			};
			buildConfigurationList = 514F43C72912521E00057D59 /* Build configuration list for PBXProject "Scene-ActionSegue" */;
			compatibilityVersion = "Xcode 13.0";
			developmentRegion = en;
			hasScannedForEncodings = 0;
			knownRegions = (
				en,
				Base,
			);
			mainGroup = 514F43C32912521E00057D59;
			productRefGroup = 514F43CD2912521E00057D59 /* Products */;
			projectDirPath = "";
			projectRoot = "";
			targets = (
				514F43CB2912521E00057D59 /* Scene-ActionSegue */,
				514F43E12912521F00057D59 /* Scene-ActionSegueTests */,
				514F43EB2912521F00057D59 /* Scene-ActionSegueUITests */,
			);
		};
/* End PBXProject section */

/* Begin PBXResourcesBuildPhase section */
		514F43CA2912521E00057D59 /* Resources */ = {
			isa = PBXResourcesBuildPhase;
			buildActionMask = 2147483647;
			files = (
				514F43DC2912521E00057D59 /* LaunchScreen.storyboard in Resources */,
				514F43D92912521E00057D59 /* Assets.xcassets in Resources */,
				514F43D72912521E00057D59 /* Main.storyboard in Resources */,
			);
			runOnlyForDeploymentPostprocessing = 0;
		};
		514F43E02912521F00057D59 /* Resources */ = {
			isa = PBXResourcesBuildPhase;
			buildActionMask = 2147483647;
			files = (
			);
			runOnlyForDeploymentPostprocessing = 0;
		};
		514F43EA2912521F00057D59 /* Resources */ = {
			isa = PBXResourcesBuildPhase;
			buildActionMask = 2147483647;
			files = (
			);
			runOnlyForDeploymentPostprocessing = 0;
		};
/* End PBXResourcesBuildPhase section */

/* Begin PBXSourcesBuildPhase section */
		514F43C82912521E00057D59 /* Sources */ = {
			isa = PBXSourcesBuildPhase;
			buildActionMask = 2147483647;
			files = (
				514F43D42912521E00057D59 /* ViewController.swift in Sources */,
				514F43D02912521E00057D59 /* AppDelegate.swift in Sources */,
				514F43D22912521E00057D59 /* SceneDelegate.swift in Sources */,
			);
			runOnlyForDeploymentPostprocessing = 0;
		};
		514F43DE2912521F00057D59 /* Sources */ = {
			isa = PBXSourcesBuildPhase;
			buildActionMask = 2147483647;
			files = (
				514F43E72912521F00057D59 /* Scene_ActionSegueTests.swift in Sources */,
			);
			runOnlyForDeploymentPostprocessing = 0;
		};
		514F43E82912521F00057D59 /* Sources */ = {
			isa = PBXSourcesBuildPhase;
			buildActionMask = 2147483647;
			files = (
				514F43F12912521F00057D59 /* Scene_ActionSegueUITests.swift in Sources */,
				514F43F32912521F00057D59 /* Scene_ActionSegueUITestsLaunchTests.swift in Sources */,
			);
			runOnlyForDeploymentPostprocessing = 0;
		};
/* End PBXSourcesBuildPhase section */

/* Begin PBXTargetDependency section */
		514F43E42912521F00057D59 /* PBXTargetDependency */ = {
			isa = PBXTargetDependency;
			target = 514F43CB2912521E00057D59 /* Scene-ActionSegue */;
			targetProxy = 514F43E32912521F00057D59 /* PBXContainerItemProxy */;
		};
		514F43EE2912521F00057D59 /* PBXTargetDependency */ = {
			isa = PBXTargetDependency;
			target = 514F43CB2912521E00057D59 /* Scene-ActionSegue */;
			targetProxy = 514F43ED2912521F00057D59 /* PBXContainerItemProxy */;
		};
/* End PBXTargetDependency section */

/* Begin PBXVariantGroup section */
		514F43D52912521E00057D59 /* Main.storyboard */ = {
			isa = PBXVariantGroup;
			children = (
				514F43D62912521E00057D59 /* Base */,
			);
			name = Main.storyboard;
			sourceTree = "<group>";
		};
		514F43DA2912521E00057D59 /* LaunchScreen.storyboard */ = {
			isa = PBXVariantGroup;
			children = (
				514F43DB2912521E00057D59 /* Base */,
			);
			name = LaunchScreen.storyboard;
			sourceTree = "<group>";
		};
/* End PBXVariantGroup section */

/* Begin XCBuildConfiguration section */
		514F43F42912521F00057D59 /* Debug */ = {
			isa = XCBuildConfiguration;
			buildSettings = {
				ALWAYS_SEARCH_USER_PATHS = NO;
				CLANG_ANALYZER_NONNULL = YES;
				CLANG_ANALYZER_NUMBER_OBJECT_CONVERSION = YES_AGGRESSIVE;
				CLANG_CXX_LANGUAGE_STANDARD = "gnu++17";
				CLANG_ENABLE_MODULES = YES;
				CLANG_ENABLE_OBJC_ARC = YES;
				CLANG_ENABLE_OBJC_WEAK = YES;
				CLANG_WARN_BLOCK_CAPTURE_AUTORELEASING = YES;
				CLANG_WARN_BOOL_CONVERSION = YES;
				CLANG_WARN_COMMA = YES;
				CLANG_WARN_CONSTANT_CONVERSION = YES;
				CLANG_WARN_DEPRECATED_OBJC_IMPLEMENTATIONS = YES;
				CLANG_WARN_DIRECT_OBJC_ISA_USAGE = YES_ERROR;
				CLANG_WARN_DOCUMENTATION_COMMENTS = YES;
				CLANG_WARN_EMPTY_BODY = YES;
				CLANG_WARN_ENUM_CONVERSION = YES;
				CLANG_WARN_INFINITE_RECURSION = YES;
				CLANG_WARN_INT_CONVERSION = YES;
				CLANG_WARN_NON_LITERAL_NULL_CONVERSION = YES;
				CLANG_WARN_OBJC_IMPLICIT_RETAIN_SELF = YES;
				CLANG_WARN_OBJC_LITERAL_CONVERSION = YES;
				CLANG_WARN_OBJC_ROOT_CLASS = YES_ERROR;
				CLANG_WARN_QUOTED_INCLUDE_IN_FRAMEWORK_HEADER = YES;
				CLANG_WARN_RANGE_LOOP_ANALYSIS = YES;
				CLANG_WARN_STRICT_PROTOTYPES = YES;
				CLANG_WARN_SUSPICIOUS_MOVE = YES;
				CLANG_WARN_UNGUARDED_AVAILABILITY = YES_AGGRESSIVE;
				CLANG_WARN_UNREACHABLE_CODE = YES;
				CLANG_WARN__DUPLICATE_METHOD_MATCH = YES;
				COPY_PHASE_STRIP = NO;
				DEBUG_INFORMATION_FORMAT = dwarf;
				ENABLE_STRICT_OBJC_MSGSEND = YES;
				ENABLE_TESTABILITY = YES;
				GCC_C_LANGUAGE_STANDARD = gnu11;
				GCC_DYNAMIC_NO_PIC = NO;
				GCC_NO_COMMON_BLOCKS = YES;
				GCC_OPTIMIZATION_LEVEL = 0;
				GCC_PREPROCESSOR_DEFINITIONS = (
					"DEBUG=1",
					"$(inherited)",
				);
				GCC_WARN_64_TO_32_BIT_CONVERSION = YES;
				GCC_WARN_ABOUT_RETURN_TYPE = YES_ERROR;
				GCC_WARN_UNDECLARED_SELECTOR = YES;
				GCC_WARN_UNINITIALIZED_AUTOS = YES_AGGRESSIVE;
				GCC_WARN_UNUSED_FUNCTION = YES;
				GCC_WARN_UNUSED_VARIABLE = YES;
				IPHONEOS_DEPLOYMENT_TARGET = 15.5;
				MTL_ENABLE_DEBUG_INFO = INCLUDE_SOURCE;
				MTL_FAST_MATH = YES;
				ONLY_ACTIVE_ARCH = YES;
				SDKROOT = iphoneos;
				SWIFT_ACTIVE_COMPILATION_CONDITIONS = DEBUG;
				SWIFT_OPTIMIZATION_LEVEL = "-Onone";
			};
			name = Debug;
		};
		514F43F52912521F00057D59 /* Release */ = {
			isa = XCBuildConfiguration;
			buildSettings = {
				ALWAYS_SEARCH_USER_PATHS = NO;
				CLANG_ANALYZER_NONNULL = YES;
				CLANG_ANALYZER_NUMBER_OBJECT_CONVERSION = YES_AGGRESSIVE;
				CLANG_CXX_LANGUAGE_STANDARD = "gnu++17";
				CLANG_ENABLE_MODULES = YES;
				CLANG_ENABLE_OBJC_ARC = YES;
				CLANG_ENABLE_OBJC_WEAK = YES;
				CLANG_WARN_BLOCK_CAPTURE_AUTORELEASING = YES;
				CLANG_WARN_BOOL_CONVERSION = YES;
				CLANG_WARN_COMMA = YES;
				CLANG_WARN_CONSTANT_CONVERSION = YES;
				CLANG_WARN_DEPRECATED_OBJC_IMPLEMENTATIONS = YES;
				CLANG_WARN_DIRECT_OBJC_ISA_USAGE = YES_ERROR;
				CLANG_WARN_DOCUMENTATION_COMMENTS = YES;
				CLANG_WARN_EMPTY_BODY = YES;
				CLANG_WARN_ENUM_CONVERSION = YES;
				CLANG_WARN_INFINITE_RECURSION = YES;
				CLANG_WARN_INT_CONVERSION = YES;
				CLANG_WARN_NON_LITERAL_NULL_CONVERSION = YES;
				CLANG_WARN_OBJC_IMPLICIT_RETAIN_SELF = YES;
				CLANG_WARN_OBJC_LITERAL_CONVERSION = YES;
				CLANG_WARN_OBJC_ROOT_CLASS = YES_ERROR;
				CLANG_WARN_QUOTED_INCLUDE_IN_FRAMEWORK_HEADER = YES;
				CLANG_WARN_RANGE_LOOP_ANALYSIS = YES;
				CLANG_WARN_STRICT_PROTOTYPES = YES;
				CLANG_WARN_SUSPICIOUS_MOVE = YES;
				CLANG_WARN_UNGUARDED_AVAILABILITY = YES_AGGRESSIVE;
				CLANG_WARN_UNREACHABLE_CODE = YES;
				CLANG_WARN__DUPLICATE_METHOD_MATCH = YES;
				COPY_PHASE_STRIP = NO;
				DEBUG_INFORMATION_FORMAT = "dwarf-with-dsym";
				ENABLE_NS_ASSERTIONS = NO;
				ENABLE_STRICT_OBJC_MSGSEND = YES;
				GCC_C_LANGUAGE_STANDARD = gnu11;
				GCC_NO_COMMON_BLOCKS = YES;
				GCC_WARN_64_TO_32_BIT_CONVERSION = YES;
				GCC_WARN_ABOUT_RETURN_TYPE = YES_ERROR;
				GCC_WARN_UNDECLARED_SELECTOR = YES;
				GCC_WARN_UNINITIALIZED_AUTOS = YES_AGGRESSIVE;
				GCC_WARN_UNUSED_FUNCTION = YES;
				GCC_WARN_UNUSED_VARIABLE = YES;
				IPHONEOS_DEPLOYMENT_TARGET = 15.5;
				MTL_ENABLE_DEBUG_INFO = NO;
				MTL_FAST_MATH = YES;
				SDKROOT = iphoneos;
				SWIFT_COMPILATION_MODE = wholemodule;
				SWIFT_OPTIMIZATION_LEVEL = "-O";
				VALIDATE_PRODUCT = YES;
			};
			name = Release;
		};
		514F43F72912521F00057D59 /* Debug */ = {
			isa = XCBuildConfiguration;
			buildSettings = {
				ASSETCATALOG_COMPILER_APPICON_NAME = AppIcon;
				ASSETCATALOG_COMPILER_GLOBAL_ACCENT_COLOR_NAME = AccentColor;
				CODE_SIGN_STYLE = Automatic;
				CURRENT_PROJECT_VERSION = 1;
				GENERATE_INFOPLIST_FILE = YES;
				INFOPLIST_FILE = "Scene-ActionSegue/Info.plist";
				INFOPLIST_KEY_UIApplicationSupportsIndirectInputEvents = YES;
				INFOPLIST_KEY_UILaunchStoryboardName = LaunchScreen;
				INFOPLIST_KEY_UIMainStoryboardFile = Main;
				INFOPLIST_KEY_UISupportedInterfaceOrientations_iPad = "UIInterfaceOrientationPortrait UIInterfaceOrientationPortraitUpsideDown UIInterfaceOrientationLandscapeLeft UIInterfaceOrientationLandscapeRight";
				INFOPLIST_KEY_UISupportedInterfaceOrientations_iPhone = "UIInterfaceOrientationPortrait UIInterfaceOrientationLandscapeLeft UIInterfaceOrientationLandscapeRight";
				LD_RUNPATH_SEARCH_PATHS = (
					"$(inherited)",
					"@executable_path/Frameworks",
				);
				MARKETING_VERSION = 1.0;
				PRODUCT_BUNDLE_IDENTIFIER = "com.mycompany.Scene-ActionSegue";
				PRODUCT_NAME = "$(TARGET_NAME)";
				SWIFT_EMIT_LOC_STRINGS = YES;
				SWIFT_VERSION = 5.0;
				TARGETED_DEVICE_FAMILY = "1,2";
			};
			name = Debug;
		};
		514F43F82912521F00057D59 /* Release */ = {
			isa = XCBuildConfiguration;
			buildSettings = {
				ASSETCATALOG_COMPILER_APPICON_NAME = AppIcon;
				ASSETCATALOG_COMPILER_GLOBAL_ACCENT_COLOR_NAME = AccentColor;
				CODE_SIGN_STYLE = Automatic;
				CURRENT_PROJECT_VERSION = 1;
				GENERATE_INFOPLIST_FILE = YES;
				INFOPLIST_FILE = "Scene-ActionSegue/Info.plist";
				INFOPLIST_KEY_UIApplicationSupportsIndirectInputEvents = YES;
				INFOPLIST_KEY_UILaunchStoryboardName = LaunchScreen;
				INFOPLIST_KEY_UIMainStoryboardFile = Main;
				INFOPLIST_KEY_UISupportedInterfaceOrientations_iPad = "UIInterfaceOrientationPortrait UIInterfaceOrientationPortraitUpsideDown UIInterfaceOrientationLandscapeLeft UIInterfaceOrientationLandscapeRight";
				INFOPLIST_KEY_UISupportedInterfaceOrientations_iPhone = "UIInterfaceOrientationPortrait UIInterfaceOrientationLandscapeLeft UIInterfaceOrientationLandscapeRight";
				LD_RUNPATH_SEARCH_PATHS = (
					"$(inherited)",
					"@executable_path/Frameworks",
				);
				MARKETING_VERSION = 1.0;
				PRODUCT_BUNDLE_IDENTIFIER = "com.mycompany.Scene-ActionSegue";
				PRODUCT_NAME = "$(TARGET_NAME)";
				SWIFT_EMIT_LOC_STRINGS = YES;
				SWIFT_VERSION = 5.0;
				TARGETED_DEVICE_FAMILY = "1,2";
			};
			name = Release;
		};
		514F43FA2912521F00057D59 /* Debug */ = {
			isa = XCBuildConfiguration;
			buildSettings = {
				ALWAYS_EMBED_SWIFT_STANDARD_LIBRARIES = YES;
				BUNDLE_LOADER = "$(TEST_HOST)";
				CODE_SIGN_STYLE = Automatic;
				CURRENT_PROJECT_VERSION = 1;
				GENERATE_INFOPLIST_FILE = YES;
				IPHONEOS_DEPLOYMENT_TARGET = 15.5;
				MARKETING_VERSION = 1.0;
				PRODUCT_BUNDLE_IDENTIFIER = "com.mycompany.Scene-ActionSegueTests";
				PRODUCT_NAME = "$(TARGET_NAME)";
				SWIFT_EMIT_LOC_STRINGS = NO;
				SWIFT_VERSION = 5.0;
				TARGETED_DEVICE_FAMILY = "1,2";
				TEST_HOST = "$(BUILT_PRODUCTS_DIR)/Scene-ActionSegue.app/Scene-ActionSegue";
			};
			name = Debug;
		};
		514F43FB2912521F00057D59 /* Release */ = {
			isa = XCBuildConfiguration;
			buildSettings = {
				ALWAYS_EMBED_SWIFT_STANDARD_LIBRARIES = YES;
				BUNDLE_LOADER = "$(TEST_HOST)";
				CODE_SIGN_STYLE = Automatic;
				CURRENT_PROJECT_VERSION = 1;
				GENERATE_INFOPLIST_FILE = YES;
				IPHONEOS_DEPLOYMENT_TARGET = 15.5;
				MARKETING_VERSION = 1.0;
				PRODUCT_BUNDLE_IDENTIFIER = "com.mycompany.Scene-ActionSegueTests";
				PRODUCT_NAME = "$(TARGET_NAME)";
				SWIFT_EMIT_LOC_STRINGS = NO;
				SWIFT_VERSION = 5.0;
				TARGETED_DEVICE_FAMILY = "1,2";
				TEST_HOST = "$(BUILT_PRODUCTS_DIR)/Scene-ActionSegue.app/Scene-ActionSegue";
			};
			name = Release;
		};
		514F43FD2912521F00057D59 /* Debug */ = {
			isa = XCBuildConfiguration;
			buildSettings = {
				ALWAYS_EMBED_SWIFT_STANDARD_LIBRARIES = YES;
				CODE_SIGN_STYLE = Automatic;
				CURRENT_PROJECT_VERSION = 1;
				GENERATE_INFOPLIST_FILE = YES;
				MARKETING_VERSION = 1.0;
				PRODUCT_BUNDLE_IDENTIFIER = "com.mycompany.Scene-ActionSegueUITests";
				PRODUCT_NAME = "$(TARGET_NAME)";
				SWIFT_EMIT_LOC_STRINGS = NO;
				SWIFT_VERSION = 5.0;
				TARGETED_DEVICE_FAMILY = "1,2";
				TEST_TARGET_NAME = "Scene-ActionSegue";
			};
			name = Debug;
		};
		514F43FE2912521F00057D59 /* Release */ = {
			isa = XCBuildConfiguration;
			buildSettings = {
				ALWAYS_EMBED_SWIFT_STANDARD_LIBRARIES = YES;
				CODE_SIGN_STYLE = Automatic;
				CURRENT_PROJECT_VERSION = 1;
				GENERATE_INFOPLIST_FILE = YES;
				MARKETING_VERSION = 1.0;
				PRODUCT_BUNDLE_IDENTIFIER = "com.mycompany.Scene-ActionSegueUITests";
				PRODUCT_NAME = "$(TARGET_NAME)";
				SWIFT_EMIT_LOC_STRINGS = NO;
				SWIFT_VERSION = 5.0;
				TARGETED_DEVICE_FAMILY = "1,2";
				TEST_TARGET_NAME = "Scene-ActionSegue";
			};
			name = Release;
		};
/* End XCBuildConfiguration section */

/* Begin XCConfigurationList section */
		514F43C72912521E00057D59 /* Build configuration list for PBXProject "Scene-ActionSegue" */ = {
			isa = XCConfigurationList;
			buildConfigurations = (
				514F43F42912521F00057D59 /* Debug */,
				514F43F52912521F00057D59 /* Release */,
			);
			defaultConfigurationIsVisible = 0;
			defaultConfigurationName = Release;
		};
		514F43F62912521F00057D59 /* Build configuration list for PBXNativeTarget "Scene-ActionSegue" */ = {
			isa = XCConfigurationList;
			buildConfigurations = (
				514F43F72912521F00057D59 /* Debug */,
				514F43F82912521F00057D59 /* Release */,
			);
			defaultConfigurationIsVisible = 0;
			defaultConfigurationName = Release;
		};
		514F43F92912521F00057D59 /* Build configuration list for PBXNativeTarget "Scene-ActionSegueTests" */ = {
			isa = XCConfigurationList;
			buildConfigurations = (
				514F43FA2912521F00057D59 /* Debug */,
				514F43FB2912521F00057D59 /* Release */,
			);
			defaultConfigurationIsVisible = 0;
			defaultConfigurationName = Release;
		};
		514F43FC2912521F00057D59 /* Build configuration list for PBXNativeTarget "Scene-ActionSegueUITests" */ = {
			isa = XCConfigurationList;
			buildConfigurations = (
				514F43FD2912521F00057D59 /* Debug */,
				514F43FE2912521F00057D59 /* Release */,
			);
			defaultConfigurationIsVisible = 0;
			defaultConfigurationName = Release;
		};
/* End XCConfigurationList section */
	};
	rootObject = 514F43C42912521E00057D59 /* Project object */;
}
